{
  "pins" : [
    {
      "identity" : "popen",
      "kind" : "remoteSourceControl",
      "location" : "https://github.com/johnno1962/Popen.git",
      "state" : {
        "revision" : "e449e5b5beeb332cabe6adc21460696a10d8416b",
        "version" : "1.2.4"
      }
    },
    {
      "identity" : "swiftregex5",
      "kind" : "remoteSourceControl",
      "location" : "https://github.com/johnno1962/SwiftRegex5.git",
      "state" : {
        "revision" : "8ecb4a8570757b7f8bce72f82242742e13891f99",
        "version" : "5.2.3"
      }
    }
  ],
  "version" : 2
}
